
Microsoft Visual Studio Solution File, Format Version 12.00
# Visual Studio 15
VisualStudioVersion = 15.0.28307.1401
MinimumVisualStudioVersion = 10.0.40219.1
Project("{8BC9CEB8-8B4A-11D0-8D11-00A0C91BC942}") = "1-TwoSum", "1-TwoSum\1-TwoSum.vcxproj", "{3719C6EE-107E-43E8-97BC-607AF2B176EB}"
EndProject
Project("{8BC9CEB8-8B4A-11D0-8D11-00A0C91BC942}") = "3-LongestSubstring", "3-LongestSubstring\3-LongestSubstring.vcxproj", "{8010AD0A-47D8-4EF2-BDC6-A77ED7D1F9B1}"
EndProject
Project("{8BC9CEB8-8B4A-11D0-8D11-00A0C91BC942}") = "2-AddTwoNumber", "2-AddTwoNumber\2-AddTwoNumber.vcxproj", "{C40B8E36-E6BF-49BF-91BB-00CA7A231722}"
EndProject
Project("{8BC9CEB8-8B4A-11D0-8D11-00A0C91BC942}") = "11-ContainerWithMostWater", "11-ContainerWithMostWater\11-ContainerWithMostWater.vcxproj", "{B19A963B-D5F3-419C-9A3A-432000656B87}"
EndProject
Project("{8BC9CEB8-8B4A-11D0-8D11-00A0C91BC942}") = "141-LinkedListCycle", "141-LinkedListCycle\141-LinkedListCycle.vcxproj", "{366A45CC-7A72-4351-B56C-C75B9DDAD682}"
EndProject
Project("{8BC9CEB8-8B4A-11D0-8D11-00A0C91BC942}") = "1929-ConcentationOfArray", "1929-ConcentationOfArray\1929-ConcentationOfArray.vcxproj", "{BE211E37-0435-48BB-8202-901600A20152}"
EndProject
Project("{8BC9CEB8-8B4A-11D0-8D11-00A0C91BC942}") = "2011-FinalValue", "2011-FinalValue\2011-FinalValue.vcxproj", "{E0A2588E-26DE-452E-8284-D273C8BEF045}"
EndProject
Project("{8BC9CEB8-8B4A-11D0-8D11-00A0C91BC942}") = "771-JewelAndStone", "771-JewelAndStone\771-JewelAndStone.vcxproj", "{28538D63-3AEC-4D76-A974-533FD223CEB0}"
EndProject
Project("{8BC9CEB8-8B4A-11D0-8D11-00A0C91BC942}") = "303-RangeSum", "303-RangeSum\303-RangeSum.vcxproj", "{7332BC6A-EA31-43B5-A211-3B42C5D345D1}"
EndProject
Project("{8BC9CEB8-8B4A-11D0-8D11-00A0C91BC942}") = "1656_OrderedStream", "1656_OrderedStream\1656_OrderedStream.vcxproj", "{72F7531D-2DAC-4F32-BE86-A7D007B0C44E}"
EndProject
Global
	GlobalSection(SolutionConfigurationPlatforms) = preSolution
		Debug|x64 = Debug|x64
		Debug|x86 = Debug|x86
		Release|x64 = Release|x64
		Release|x86 = Release|x86
	EndGlobalSection
	GlobalSection(ProjectConfigurationPlatforms) = postSolution
		{3719C6EE-107E-43E8-97BC-607AF2B176EB}.Debug|x64.ActiveCfg = Debug|x64
		{3719C6EE-107E-43E8-97BC-607AF2B176EB}.Debug|x64.Build.0 = Debug|x64
		{3719C6EE-107E-43E8-97BC-607AF2B176EB}.Debug|x86.ActiveCfg = Debug|Win32
		{3719C6EE-107E-43E8-97BC-607AF2B176EB}.Debug|x86.Build.0 = Debug|Win32
		{3719C6EE-107E-43E8-97BC-607AF2B176EB}.Release|x64.ActiveCfg = Release|x64
		{3719C6EE-107E-43E8-97BC-607AF2B176EB}.Release|x64.Build.0 = Release|x64
		{3719C6EE-107E-43E8-97BC-607AF2B176EB}.Release|x86.ActiveCfg = Release|Win32
		{3719C6EE-107E-43E8-97BC-607AF2B176EB}.Release|x86.Build.0 = Release|Win32
		{8010AD0A-47D8-4EF2-BDC6-A77ED7D1F9B1}.Debug|x64.ActiveCfg = Debug|x64
		{8010AD0A-47D8-4EF2-BDC6-A77ED7D1F9B1}.Debug|x64.Build.0 = Debug|x64
		{8010AD0A-47D8-4EF2-BDC6-A77ED7D1F9B1}.Debug|x86.ActiveCfg = Debug|Win32
		{8010AD0A-47D8-4EF2-BDC6-A77ED7D1F9B1}.Debug|x86.Build.0 = Debug|Win32
		{8010AD0A-47D8-4EF2-BDC6-A77ED7D1F9B1}.Release|x64.ActiveCfg = Release|x64
		{8010AD0A-47D8-4EF2-BDC6-A77ED7D1F9B1}.Release|x64.Build.0 = Release|x64
		{8010AD0A-47D8-4EF2-BDC6-A77ED7D1F9B1}.Release|x86.ActiveCfg = Release|Win32
		{8010AD0A-47D8-4EF2-BDC6-A77ED7D1F9B1}.Release|x86.Build.0 = Release|Win32
		{C40B8E36-E6BF-49BF-91BB-00CA7A231722}.Debug|x64.ActiveCfg = Debug|x64
		{C40B8E36-E6BF-49BF-91BB-00CA7A231722}.Debug|x64.Build.0 = Debug|x64
		{C40B8E36-E6BF-49BF-91BB-00CA7A231722}.Debug|x86.ActiveCfg = Debug|Win32
		{C40B8E36-E6BF-49BF-91BB-00CA7A231722}.Debug|x86.Build.0 = Debug|Win32
		{C40B8E36-E6BF-49BF-91BB-00CA7A231722}.Release|x64.ActiveCfg = Release|x64
		{C40B8E36-E6BF-49BF-91BB-00CA7A231722}.Release|x64.Build.0 = Release|x64
		{C40B8E36-E6BF-49BF-91BB-00CA7A231722}.Release|x86.ActiveCfg = Release|Win32
		{C40B8E36-E6BF-49BF-91BB-00CA7A231722}.Release|x86.Build.0 = Release|Win32
		{B19A963B-D5F3-419C-9A3A-432000656B87}.Debug|x64.ActiveCfg = Debug|x64
		{B19A963B-D5F3-419C-9A3A-432000656B87}.Debug|x64.Build.0 = Debug|x64
		{B19A963B-D5F3-419C-9A3A-432000656B87}.Debug|x86.ActiveCfg = Debug|Win32
		{B19A963B-D5F3-419C-9A3A-432000656B87}.Debug|x86.Build.0 = Debug|Win32
		{B19A963B-D5F3-419C-9A3A-432000656B87}.Release|x64.ActiveCfg = Release|x64
		{B19A963B-D5F3-419C-9A3A-432000656B87}.Release|x64.Build.0 = Release|x64
		{B19A963B-D5F3-419C-9A3A-432000656B87}.Release|x86.ActiveCfg = Release|Win32
		{B19A963B-D5F3-419C-9A3A-432000656B87}.Release|x86.Build.0 = Release|Win32
		{366A45CC-7A72-4351-B56C-C75B9DDAD682}.Debug|x64.ActiveCfg = Debug|x64
		{366A45CC-7A72-4351-B56C-C75B9DDAD682}.Debug|x64.Build.0 = Debug|x64
		{366A45CC-7A72-4351-B56C-C75B9DDAD682}.Debug|x86.ActiveCfg = Debug|Win32
		{366A45CC-7A72-4351-B56C-C75B9DDAD682}.Debug|x86.Build.0 = Debug|Win32
		{366A45CC-7A72-4351-B56C-C75B9DDAD682}.Release|x64.ActiveCfg = Release|x64
		{366A45CC-7A72-4351-B56C-C75B9DDAD682}.Release|x64.Build.0 = Release|x64
		{366A45CC-7A72-4351-B56C-C75B9DDAD682}.Release|x86.ActiveCfg = Release|Win32
		{366A45CC-7A72-4351-B56C-C75B9DDAD682}.Release|x86.Build.0 = Release|Win32
		{BE211E37-0435-48BB-8202-901600A20152}.Debug|x64.ActiveCfg = Debug|x64
		{BE211E37-0435-48BB-8202-901600A20152}.Debug|x64.Build.0 = Debug|x64
		{BE211E37-0435-48BB-8202-901600A20152}.Debug|x86.ActiveCfg = Debug|Win32
		{BE211E37-0435-48BB-8202-901600A20152}.Debug|x86.Build.0 = Debug|Win32
		{BE211E37-0435-48BB-8202-901600A20152}.Release|x64.ActiveCfg = Release|x64
		{BE211E37-0435-48BB-8202-901600A20152}.Release|x64.Build.0 = Release|x64
		{BE211E37-0435-48BB-8202-901600A20152}.Release|x86.ActiveCfg = Release|Win32
		{BE211E37-0435-48BB-8202-901600A20152}.Release|x86.Build.0 = Release|Win32
		{E0A2588E-26DE-452E-8284-D273C8BEF045}.Debug|x64.ActiveCfg = Debug|x64
		{E0A2588E-26DE-452E-8284-D273C8BEF045}.Debug|x64.Build.0 = Debug|x64
		{E0A2588E-26DE-452E-8284-D273C8BEF045}.Debug|x86.ActiveCfg = Debug|Win32
		{E0A2588E-26DE-452E-8284-D273C8BEF045}.Debug|x86.Build.0 = Debug|Win32
		{E0A2588E-26DE-452E-8284-D273C8BEF045}.Release|x64.ActiveCfg = Release|x64
		{E0A2588E-26DE-452E-8284-D273C8BEF045}.Release|x64.Build.0 = Release|x64
		{E0A2588E-26DE-452E-8284-D273C8BEF045}.Release|x86.ActiveCfg = Release|Win32
		{E0A2588E-26DE-452E-8284-D273C8BEF045}.Release|x86.Build.0 = Release|Win32
		{28538D63-3AEC-4D76-A974-533FD223CEB0}.Debug|x64.ActiveCfg = Debug|x64
		{28538D63-3AEC-4D76-A974-533FD223CEB0}.Debug|x64.Build.0 = Debug|x64
		{28538D63-3AEC-4D76-A974-533FD223CEB0}.Debug|x86.ActiveCfg = Debug|Win32
		{28538D63-3AEC-4D76-A974-533FD223CEB0}.Debug|x86.Build.0 = Debug|Win32
		{28538D63-3AEC-4D76-A974-533FD223CEB0}.Release|x64.ActiveCfg = Release|x64
		{28538D63-3AEC-4D76-A974-533FD223CEB0}.Release|x64.Build.0 = Release|x64
		{28538D63-3AEC-4D76-A974-533FD223CEB0}.Release|x86.ActiveCfg = Release|Win32
		{28538D63-3AEC-4D76-A974-533FD223CEB0}.Release|x86.Build.0 = Release|Win32
		{7332BC6A-EA31-43B5-A211-3B42C5D345D1}.Debug|x64.ActiveCfg = Debug|x64
		{7332BC6A-EA31-43B5-A211-3B42C5D345D1}.Debug|x64.Build.0 = Debug|x64
		{7332BC6A-EA31-43B5-A211-3B42C5D345D1}.Debug|x86.ActiveCfg = Debug|Win32
		{7332BC6A-EA31-43B5-A211-3B42C5D345D1}.Debug|x86.Build.0 = Debug|Win32
		{7332BC6A-EA31-43B5-A211-3B42C5D345D1}.Release|x64.ActiveCfg = Release|x64
		{7332BC6A-EA31-43B5-A211-3B42C5D345D1}.Release|x64.Build.0 = Release|x64
		{7332BC6A-EA31-43B5-A211-3B42C5D345D1}.Release|x86.ActiveCfg = Release|Win32
		{7332BC6A-EA31-43B5-A211-3B42C5D345D1}.Release|x86.Build.0 = Release|Win32
		{72F7531D-2DAC-4F32-BE86-A7D007B0C44E}.Debug|x64.ActiveCfg = Debug|x64
		{72F7531D-2DAC-4F32-BE86-A7D007B0C44E}.Debug|x64.Build.0 = Debug|x64
		{72F7531D-2DAC-4F32-BE86-A7D007B0C44E}.Debug|x86.ActiveCfg = Debug|Win32
		{72F7531D-2DAC-4F32-BE86-A7D007B0C44E}.Debug|x86.Build.0 = Debug|Win32
		{72F7531D-2DAC-4F32-BE86-A7D007B0C44E}.Release|x64.ActiveCfg = Release|x64
		{72F7531D-2DAC-4F32-BE86-A7D007B0C44E}.Release|x64.Build.0 = Release|x64
		{72F7531D-2DAC-4F32-BE86-A7D007B0C44E}.Release|x86.ActiveCfg = Release|Win32
		{72F7531D-2DAC-4F32-BE86-A7D007B0C44E}.Release|x86.Build.0 = Release|Win32
	EndGlobalSection
	GlobalSection(SolutionProperties) = preSolution
		HideSolutionNode = FALSE
	EndGlobalSection
	GlobalSection(ExtensibilityGlobals) = postSolution
		SolutionGuid = {D7EE7A75-AD9B-4D9B-9A07-D57E3E23CE31}
	EndGlobalSection
EndGlobal
